// !$*UTF8*$!
{
	archiveVersion = 1;
	classes = {
	};
	objectVersion = 77;
	objects = {

/* Begin PBXBuildFile section */
		01F5417F936109C80E9DB1B9 /* SupabaseClient.swift in Sources */ = {isa = PBXBuildFile; fileRef = A94DA234DAC2469BECC62A98 /* SupabaseClient.swift */; };
		01F8F812B643342E4DBE37A1 /* TrackerSummary.swift in Sources */ = {isa = PBXBuildFile; fileRef = 07B7D0BB332B44D3323703F9 /* TrackerSummary.swift */; };
		042430B4B1F8657DC7DE9BAF /* WidgetComponents.swift in Sources */ = {isa = PBXBuildFile; fileRef = E38F7C2A12C61B92DA1C49C7 /* WidgetComponents.swift */; };
		0F451917D26C860FB890EDC3 /* QuestStarWidgetView.swift in Sources */ = {isa = PBXBuildFile; fileRef = 70AFEB8C933E308D5050590D /* QuestStarWidgetView.swift */; };
		0F54F6C3ADD1E0D692105FB6 /* HealthKitAdapter.swift in Sources */ = {isa = PBXBuildFile; fileRef = CE0F953C2D22C7815BB9FED9 /* HealthKitAdapter.swift */; };
		0FE53C3D8FA199D0EC0407DD /* WidgetLoadState.swift in Sources */ = {isa = PBXBuildFile; fileRef = 6F77A94FEF117DFE2075547E /* WidgetLoadState.swift */; };
		11B13EC5501D001548848347 /* SupabaseClient.swift in Sources */ = {isa = PBXBuildFile; fileRef = A94DA234DAC2469BECC62A98 /* SupabaseClient.swift */; };
		17AF3CF4CE48C57B70A1F0D6 /* MedicationWidgetView.swift in Sources */ = {isa = PBXBuildFile; fileRef = 23B5C7AA59D8DDE2530C0681 /* MedicationWidgetView.swift */; };
		183BF8D9886CF5FF0891C725 /* QuickTrackApp.swift in Sources */ = {isa = PBXBuildFile; fileRef = 7D7A337DF0402B9F23A8CE28 /* QuickTrackApp.swift */; };
		18CFF66E9C1E3522151D7FE4 /* SupabaseClient.swift in Sources */ = {isa = PBXBuildFile; fileRef = A94DA234DAC2469BECC62A98 /* SupabaseClient.swift */; };
		1C9AB27820045949CCD24815 /* Tracker.swift in Sources */ = {isa = PBXBuildFile; fileRef = D626DC20C254B445023B1640 /* Tracker.swift */; };
		1CD7E97AEAF5C5EAD5DBCEA3 /* SupabaseAdapter.swift in Sources */ = {isa = PBXBuildFile; fileRef = 5C4CDA819DE9CCD0DC8013D1 /* SupabaseAdapter.swift */; };
		207CDB9D5DB7A6FCA6AFDD4E /* TrackerListView.swift in Sources */ = {isa = PBXBuildFile; fileRef = 9A94BB1EB5AE2752FE8F9FE2 /* TrackerListView.swift */; };
		21B0CC9335C022599BC7BE3F /* ContentView.swift in Sources */ = {isa = PBXBuildFile; fileRef = 17E60440F67C60B9D68E55FB /* ContentView.swift */; };
		2D6E765AF01B2925844A32E5 /* MedicationWidgetView.swift in Sources */ = {isa = PBXBuildFile; fileRef = 23B5C7AA59D8DDE2530C0681 /* MedicationWidgetView.swift */; };
		3271B2986C5A20C9FEC1FF9A /* QuestStarWidget.swift in Sources */ = {isa = PBXBuildFile; fileRef = BC083FCAC35EC70CFAB9CBFE /* QuestStarWidget.swift */; };
		400760EF714F753CE3FDB743 /* Tracker.swift in Sources */ = {isa = PBXBuildFile; fileRef = D626DC20C254B445023B1640 /* Tracker.swift */; };
		45DB54121B99638EEBEA588E /* Config.swift in Sources */ = {isa = PBXBuildFile; fileRef = 6238468F6F5CD68489CF45D3 /* Config.swift */; };
		4AEE97F742D246F11D1AD008 /* SupabaseAdapter.swift in Sources */ = {isa = PBXBuildFile; fileRef = 5C4CDA819DE9CCD0DC8013D1 /* SupabaseAdapter.swift */; };
		4D4AFCB1A8539E882E80DC71 /* AppGroupManager.swift in Sources */ = {isa = PBXBuildFile; fileRef = 93B6A13DD74955CB628A4BAD /* AppGroupManager.swift */; };
		4E620AC79B3076AB9CEA434D /* SettingsView.swift in Sources */ = {isa = PBXBuildFile; fileRef = BFFD156ECCB17B2644B98873 /* SettingsView.swift */; };
		543039CFA040D62EF1F6D1B2 /* QuestStarWidget.swift in Sources */ = {isa = PBXBuildFile; fileRef = BC083FCAC35EC70CFAB9CBFE /* QuestStarWidget.swift */; };
		5C5002B8AF78A432BE6FA4D0 /* SupabaseClient.swift in Sources */ = {isa = PBXBuildFile; fileRef = A94DA234DAC2469BECC62A98 /* SupabaseClient.swift */; };
		63FBAF597948937C1E4E0DDA /* AppGroupManager.swift in Sources */ = {isa = PBXBuildFile; fileRef = 93B6A13DD74955CB628A4BAD /* AppGroupManager.swift */; };
		66A48B45345209FE3D934081 /* Tracker.swift in Sources */ = {isa = PBXBuildFile; fileRef = D626DC20C254B445023B1640 /* Tracker.swift */; };
		676F9A1A156284DFFED87EB9 /* Config.swift in Sources */ = {isa = PBXBuildFile; fileRef = 6238468F6F5CD68489CF45D3 /* Config.swift */; };
		6B0E90DB43533BEEC29049C4 /* TrackerSummary.swift in Sources */ = {isa = PBXBuildFile; fileRef = 07B7D0BB332B44D3323703F9 /* TrackerSummary.swift */; };
		6B867E1597F6747F5B26C290 /* TrackerSummary.swift in Sources */ = {isa = PBXBuildFile; fileRef = 07B7D0BB332B44D3323703F9 /* TrackerSummary.swift */; };
		725F6ECB6BA6F4D5CEA6845D /* LoginView.swift in Sources */ = {isa = PBXBuildFile; fileRef = C3010D83DEC0F090EFFAF90C /* LoginView.swift */; };
		7291D2F6477946A782754EA5 /* ContentView.swift in Sources */ = {isa = PBXBuildFile; fileRef = 17E60440F67C60B9D68E55FB /* ContentView.swift */; };
		7802351EFD5E0B28962B637C /* WidgetLoadState.swift in Sources */ = {isa = PBXBuildFile; fileRef = 6F77A94FEF117DFE2075547E /* WidgetLoadState.swift */; };
		7DBF5CB2EC5DDBC2C6F78A75 /* SleepWidget.swift in Sources */ = {isa = PBXBuildFile; fileRef = 1467EA9B1CBAF77E52292D0E /* SleepWidget.swift */; };
		87FB3FF956225781C809CE27 /* TrackerDataSource.swift in Sources */ = {isa = PBXBuildFile; fileRef = 2E3A78C7D69C53D0CA9AFFD1 /* TrackerDataSource.swift */; };
		8E346AA2FC7F209A2B7CABFE /* HealthKitAdapter.swift in Sources */ = {isa = PBXBuildFile; fileRef = CE0F953C2D22C7815BB9FED9 /* HealthKitAdapter.swift */; };
		906DEE8D742D2508E982EAAD /* AppGroupManager.swift in Sources */ = {isa = PBXBuildFile; fileRef = 93B6A13DD74955CB628A4BAD /* AppGroupManager.swift */; };
		95B4AC306C418BAFA9684A6F /* TrackerDataSource.swift in Sources */ = {isa = PBXBuildFile; fileRef = 2E3A78C7D69C53D0CA9AFFD1 /* TrackerDataSource.swift */; };
		969BD8A5B6DA25C2A2A1B5CF /* HealthKitAdapter.swift in Sources */ = {isa = PBXBuildFile; fileRef = CE0F953C2D22C7815BB9FED9 /* HealthKitAdapter.swift */; };
		973067AA492DB216DD33D3E7 /* SettingsView.swift in Sources */ = {isa = PBXBuildFile; fileRef = BFFD156ECCB17B2644B98873 /* SettingsView.swift */; };
		9E841A5E4B16390BA3CEBEFA /* QuestStarWidgetView.swift in Sources */ = {isa = PBXBuildFile; fileRef = 70AFEB8C933E308D5050590D /* QuestStarWidgetView.swift */; };
		9F80496B15810ACE7ADB3166 /* TrackerDataSource.swift in Sources */ = {isa = PBXBuildFile; fileRef = 2E3A78C7D69C53D0CA9AFFD1 /* TrackerDataSource.swift */; };
		B1BD4A7BA28C3C759C75AE49 /* SupabaseAdapter.swift in Sources */ = {isa = PBXBuildFile; fileRef = 5C4CDA819DE9CCD0DC8013D1 /* SupabaseAdapter.swift */; };
		B415F9C32A0785D88EB74DE1 /* AppGroupManager.swift in Sources */ = {isa = PBXBuildFile; fileRef = 93B6A13DD74955CB628A4BAD /* AppGroupManager.swift */; };
		B60014C7B71DBC723CFFC13C /* WidgetComponents.swift in Sources */ = {isa = PBXBuildFile; fileRef = E38F7C2A12C61B92DA1C49C7 /* WidgetComponents.swift */; };
		B6DEE975FB21F82ADE020E62 /* QuickTrackApp.swift in Sources */ = {isa = PBXBuildFile; fileRef = 7D7A337DF0402B9F23A8CE28 /* QuickTrackApp.swift */; };
		BD57CAFF3BB849CE4544CC1F /* SupabaseAdapter.swift in Sources */ = {isa = PBXBuildFile; fileRef = 5C4CDA819DE9CCD0DC8013D1 /* SupabaseAdapter.swift */; };
		C253267413BDD1CED4473BB3 /* Tracker.swift in Sources */ = {isa = PBXBuildFile; fileRef = D626DC20C254B445023B1640 /* Tracker.swift */; };
		C2AAC834FE0360452B297A8E /* LoginView.swift in Sources */ = {isa = PBXBuildFile; fileRef = C3010D83DEC0F090EFFAF90C /* LoginView.swift */; };
		CABA3958BD4C6420AFB7A38B /* TrackerListView.swift in Sources */ = {isa = PBXBuildFile; fileRef = 9A94BB1EB5AE2752FE8F9FE2 /* TrackerListView.swift */; };
		CB50528B46D67D1BA45D7CA3 /* QuickTrackWidgetBundle.swift in Sources */ = {isa = PBXBuildFile; fileRef = ADDD80A4C990DED2A7CD6C09 /* QuickTrackWidgetBundle.swift */; };
		CEBD6900915D787F1864A1C4 /* TrackerDataSource.swift in Sources */ = {isa = PBXBuildFile; fileRef = 2E3A78C7D69C53D0CA9AFFD1 /* TrackerDataSource.swift */; };
		D307950BF3A15F3672213AEC /* QuickTrackWidgetBundle.swift in Sources */ = {isa = PBXBuildFile; fileRef = ADDD80A4C990DED2A7CD6C09 /* QuickTrackWidgetBundle.swift */; };
		D36C947A16EE33519D9FDD6F /* MedicationWidget.swift in Sources */ = {isa = PBXBuildFile; fileRef = 57B9E590CC3AFE11315E76A6 /* MedicationWidget.swift */; };
		D3FB377E834CD73B65F35803 /* MedicationWidget.swift in Sources */ = {isa = PBXBuildFile; fileRef = 57B9E590CC3AFE11315E76A6 /* MedicationWidget.swift */; };
		D413A26F482555B1F8B3314F /* TrackerSummary.swift in Sources */ = {isa = PBXBuildFile; fileRef = 07B7D0BB332B44D3323703F9 /* TrackerSummary.swift */; };
		E9428561D3672C1F110B0C93 /* SleepWidgetView.swift in Sources */ = {isa = PBXBuildFile; fileRef = 38E3BE3B13B68ABFAF40823B /* SleepWidgetView.swift */; };
		ED5D312EDDFF68D370477833 /* SleepWidget.swift in Sources */ = {isa = PBXBuildFile; fileRef = 1467EA9B1CBAF77E52292D0E /* SleepWidget.swift */; };
		F99EAD403840FF9106881016 /* Config.swift in Sources */ = {isa = PBXBuildFile; fileRef = 6238468F6F5CD68489CF45D3 /* Config.swift */; };
		FA17F3EB77B4754CE5AF60E4 /* Config.swift in Sources */ = {isa = PBXBuildFile; fileRef = 6238468F6F5CD68489CF45D3 /* Config.swift */; };
		FFA5CE757A11B865C62E0657 /* HealthKitAdapter.swift in Sources */ = {isa = PBXBuildFile; fileRef = CE0F953C2D22C7815BB9FED9 /* HealthKitAdapter.swift */; };
		FFE4285BA7C1905AECB63E73 /* SleepWidgetView.swift in Sources */ = {isa = PBXBuildFile; fileRef = 38E3BE3B13B68ABFAF40823B /* SleepWidgetView.swift */; };
/* End PBXBuildFile section */

/* Begin PBXFileReference section */
		027314810ECFE718BC0295A4 /* QuickTrackWidget.entitlements */ = {isa = PBXFileReference; lastKnownFileType = text.plist.entitlements; path = QuickTrackWidget.entitlements; sourceTree = "<group>"; };
		07B7D0BB332B44D3323703F9 /* TrackerSummary.swift */ = {isa = PBXFileReference; lastKnownFileType = sourcecode.swift; path = TrackerSummary.swift; sourceTree = "<group>"; };
		09A13EC7C343603E90C1935C /* QuickTrack.app */ = {isa = PBXFileReference; includeInIndex = 0; lastKnownFileType = wrapper.application; path = QuickTrack.app; sourceTree = BUILT_PRODUCTS_DIR; };
		1467EA9B1CBAF77E52292D0E /* SleepWidget.swift */ = {isa = PBXFileReference; lastKnownFileType = sourcecode.swift; path = SleepWidget.swift; sourceTree = "<group>"; };
		17E60440F67C60B9D68E55FB /* ContentView.swift */ = {isa = PBXFileReference; lastKnownFileType = sourcecode.swift; path = ContentView.swift; sourceTree = "<group>"; };
		23B5C7AA59D8DDE2530C0681 /* MedicationWidgetView.swift */ = {isa = PBXFileReference; lastKnownFileType = sourcecode.swift; path = MedicationWidgetView.swift; sourceTree = "<group>"; };
		2E3A78C7D69C53D0CA9AFFD1 /* TrackerDataSource.swift */ = {isa = PBXFileReference; lastKnownFileType = sourcecode.swift; path = TrackerDataSource.swift; sourceTree = "<group>"; };
		2F31F7B2D3F1021CCD3C8462 /* QuickTrackWidget.appex */ = {isa = PBXFileReference; includeInIndex = 0; lastKnownFileType = "wrapper.app-extension"; path = QuickTrackWidget.appex; sourceTree = BUILT_PRODUCTS_DIR; };
		38E3BE3B13B68ABFAF40823B /* SleepWidgetView.swift */ = {isa = PBXFileReference; lastKnownFileType = sourcecode.swift; path = SleepWidgetView.swift; sourceTree = "<group>"; };
		435840F90CFF5D772D07288D /* QuickTrack.entitlements */ = {isa = PBXFileReference; lastKnownFileType = text.plist.entitlements; path = QuickTrack.entitlements; sourceTree = "<group>"; };
		57B9E590CC3AFE11315E76A6 /* MedicationWidget.swift */ = {isa = PBXFileReference; lastKnownFileType = sourcecode.swift; path = MedicationWidget.swift; sourceTree = "<group>"; };
		5C4CDA819DE9CCD0DC8013D1 /* SupabaseAdapter.swift */ = {isa = PBXFileReference; lastKnownFileType = sourcecode.swift; path = SupabaseAdapter.swift; sourceTree = "<group>"; };
		6238468F6F5CD68489CF45D3 /* Config.swift */ = {isa = PBXFileReference; lastKnownFileType = sourcecode.swift; path = Config.swift; sourceTree = "<group>"; };
		6F77A94FEF117DFE2075547E /* WidgetLoadState.swift */ = {isa = PBXFileReference; lastKnownFileType = sourcecode.swift; path = WidgetLoadState.swift; sourceTree = "<group>"; };
		70AFEB8C933E308D5050590D /* QuestStarWidgetView.swift */ = {isa = PBXFileReference; lastKnownFileType = sourcecode.swift; path = QuestStarWidgetView.swift; sourceTree = "<group>"; };
		7D7A337DF0402B9F23A8CE28 /* QuickTrackApp.swift */ = {isa = PBXFileReference; lastKnownFileType = sourcecode.swift; path = QuickTrackApp.swift; sourceTree = "<group>"; };
		93B6A13DD74955CB628A4BAD /* AppGroupManager.swift */ = {isa = PBXFileReference; lastKnownFileType = sourcecode.swift; path = AppGroupManager.swift; sourceTree = "<group>"; };
		9A94BB1EB5AE2752FE8F9FE2 /* TrackerListView.swift */ = {isa = PBXFileReference; lastKnownFileType = sourcecode.swift; path = TrackerListView.swift; sourceTree = "<group>"; };
		A94DA234DAC2469BECC62A98 /* SupabaseClient.swift */ = {isa = PBXFileReference; lastKnownFileType = sourcecode.swift; path = SupabaseClient.swift; sourceTree = "<group>"; };
		ADDD80A4C990DED2A7CD6C09 /* QuickTrackWidgetBundle.swift */ = {isa = PBXFileReference; lastKnownFileType = sourcecode.swift; path = QuickTrackWidgetBundle.swift; sourceTree = "<group>"; };
		AE86A41AB87372EAB44B41A3 /* QuickTrackWidget.appex */ = {isa = PBXFileReference; explicitFileType = "wrapper.app-extension"; includeInIndex = 0; path = QuickTrackWidget.appex; sourceTree = BUILT_PRODUCTS_DIR; };
		BC083FCAC35EC70CFAB9CBFE /* QuestStarWidget.swift */ = {isa = PBXFileReference; lastKnownFileType = sourcecode.swift; path = QuestStarWidget.swift; sourceTree = "<group>"; };
		BFFD156ECCB17B2644B98873 /* SettingsView.swift */ = {isa = PBXFileReference; lastKnownFileType = sourcecode.swift; path = SettingsView.swift; sourceTree = "<group>"; };
		C0CF7B61DA6C840C32AC8F24 /* QuickTrack.app */ = {isa = PBXFileReference; explicitFileType = wrapper.application; includeInIndex = 0; path = QuickTrack.app; sourceTree = BUILT_PRODUCTS_DIR; };
		C3010D83DEC0F090EFFAF90C /* LoginView.swift */ = {isa = PBXFileReference; lastKnownFileType = sourcecode.swift; path = LoginView.swift; sourceTree = "<group>"; };
		CE0F953C2D22C7815BB9FED9 /* HealthKitAdapter.swift */ = {isa = PBXFileReference; lastKnownFileType = sourcecode.swift; path = HealthKitAdapter.swift; sourceTree = "<group>"; };
		D626DC20C254B445023B1640 /* Tracker.swift */ = {isa = PBXFileReference; lastKnownFileType = sourcecode.swift; path = Tracker.swift; sourceTree = "<group>"; };
		E38F7C2A12C61B92DA1C49C7 /* WidgetComponents.swift */ = {isa = PBXFileReference; lastKnownFileType = sourcecode.swift; path = WidgetComponents.swift; sourceTree = "<group>"; };
/* End PBXFileReference section */

/* Begin PBXGroup section */
		0B5364EC21B4856E84939B6F /* QuickTrack */ = {
			isa = PBXGroup;
			children = (
				17E60440F67C60B9D68E55FB /* ContentView.swift */,
				435840F90CFF5D772D07288D /* QuickTrack.entitlements */,
				7D7A337DF0402B9F23A8CE28 /* QuickTrackApp.swift */,
				AA73FD03657C6FDE57B5AB93 /* DataSources */,
				E913F6FE0264477612630948 /* Models */,
				66F50CF42F2D60BE0760F8D3 /* Views */,
			);
			path = QuickTrack;
			sourceTree = "<group>";
		};
		0BDFFBFD11CE7EFAF003AC1E /* Products */ = {
			isa = PBXGroup;
			children = (
				09A13EC7C343603E90C1935C /* QuickTrack.app */,
				C0CF7B61DA6C840C32AC8F24 /* QuickTrack.app */,
				2F31F7B2D3F1021CCD3C8462 /* QuickTrackWidget.appex */,
				AE86A41AB87372EAB44B41A3 /* QuickTrackWidget.appex */,
			);
			name = Products;
			sourceTree = "<group>";
		};
		1057C5F2ECED2252800959E6 /* QuickTrackWidget */ = {
			isa = PBXGroup;
			children = (
				027314810ECFE718BC0295A4 /* QuickTrackWidget.entitlements */,
				ADDD80A4C990DED2A7CD6C09 /* QuickTrackWidgetBundle.swift */,
				9F458C8079B0C91DAD548A09 /* Widgets */,
				E34568DC921C07BAB443420C /* WidgetViews */,
			);
			path = QuickTrackWidget;
			sourceTree = "<group>";
		};
		2A55ABC52111C88DF31038EE /* Shared */ = {
			isa = PBXGroup;
			children = (
				93B6A13DD74955CB628A4BAD /* AppGroupManager.swift */,
				6238468F6F5CD68489CF45D3 /* Config.swift */,
			);
			path = Shared;
			sourceTree = "<group>";
		};
		66F50CF42F2D60BE0760F8D3 /* Views */ = {
			isa = PBXGroup;
			children = (
				C3010D83DEC0F090EFFAF90C /* LoginView.swift */,
				BFFD156ECCB17B2644B98873 /* SettingsView.swift */,
				9A94BB1EB5AE2752FE8F9FE2 /* TrackerListView.swift */,
			);
			path = Views;
			sourceTree = "<group>";
		};
		9F458C8079B0C91DAD548A09 /* Widgets */ = {
			isa = PBXGroup;
			children = (
				57B9E590CC3AFE11315E76A6 /* MedicationWidget.swift */,
				BC083FCAC35EC70CFAB9CBFE /* QuestStarWidget.swift */,
				1467EA9B1CBAF77E52292D0E /* SleepWidget.swift */,
			);
			path = Widgets;
			sourceTree = "<group>";
		};
		AA73FD03657C6FDE57B5AB93 /* DataSources */ = {
			isa = PBXGroup;
			children = (
				CE0F953C2D22C7815BB9FED9 /* HealthKitAdapter.swift */,
				5C4CDA819DE9CCD0DC8013D1 /* SupabaseAdapter.swift */,
				A94DA234DAC2469BECC62A98 /* SupabaseClient.swift */,
				2E3A78C7D69C53D0CA9AFFD1 /* TrackerDataSource.swift */,
			);
			path = DataSources;
			sourceTree = "<group>";
		};
		C86330BD7209CE61031929EB = {
			isa = PBXGroup;
			children = (
				0B5364EC21B4856E84939B6F /* QuickTrack */,
				1057C5F2ECED2252800959E6 /* QuickTrackWidget */,
				2A55ABC52111C88DF31038EE /* Shared */,
				0BDFFBFD11CE7EFAF003AC1E /* Products */,
			);
			sourceTree = "<group>";
		};
		E34568DC921C07BAB443420C /* WidgetViews */ = {
			isa = PBXGroup;
			children = (
				23B5C7AA59D8DDE2530C0681 /* MedicationWidgetView.swift */,
				70AFEB8C933E308D5050590D /* QuestStarWidgetView.swift */,
				38E3BE3B13B68ABFAF40823B /* SleepWidgetView.swift */,
				E38F7C2A12C61B92DA1C49C7 /* WidgetComponents.swift */,
				6F77A94FEF117DFE2075547E /* WidgetLoadState.swift */,
			);
			path = WidgetViews;
			sourceTree = "<group>";
		};
		E913F6FE0264477612630948 /* Models */ = {
			isa = PBXGroup;
			children = (
				D626DC20C254B445023B1640 /* Tracker.swift */,
				07B7D0BB332B44D3323703F9 /* TrackerSummary.swift */,
			);
			path = Models;
			sourceTree = "<group>";
		};
/* End PBXGroup section */

/* Begin PBXNativeTarget section */
		0921B4C2DF3FA467BC123F26 /* QuickTrack_iOS */ = {
			isa = PBXNativeTarget;
			buildConfigurationList = D662EF1B21C309DBF98E6118 /* Build configuration list for PBXNativeTarget "QuickTrack_iOS" */;
			buildPhases = (
				A55488DE9A29551DF73420E7 /* Sources */,
			);
			buildRules = (
			);
			dependencies = (
			);
			name = QuickTrack_iOS;
			packageProductDependencies = (
			);
			productName = QuickTrack_iOS;
			productReference = 09A13EC7C343603E90C1935C /* QuickTrack.app */;
			productType = "com.apple.product-type.application";
		};
		2453727EA96C83102AA825CD /* QuickTrackWidget_iOS */ = {
			isa = PBXNativeTarget;
			buildConfigurationList = 871BEC45DC00DD9B9DC816C5 /* Build configuration list for PBXNativeTarget "QuickTrackWidget_iOS" */;
			buildPhases = (
				C7E422ED49C28DB0B3DF32CD /* Sources */,
			);
			buildRules = (
			);
			dependencies = (
			);
			name = QuickTrackWidget_iOS;
			packageProductDependencies = (
			);
			productName = QuickTrackWidget_iOS;
			productReference = 2F31F7B2D3F1021CCD3C8462 /* QuickTrackWidget.appex */;
			productType = "com.apple.product-type.app-extension";
		};
		6D14D9D6C011F77E1C2EAEDD /* QuickTrackWidget_macOS */ = {
			isa = PBXNativeTarget;
			buildConfigurationList = 87ED18A35AD1D8E4CACF4DD4 /* Build configuration list for PBXNativeTarget "QuickTrackWidget_macOS" */;
			buildPhases = (
				512FE7C1702C203911430DEF /* Sources */,
			);
			buildRules = (
			);
			dependencies = (
			);
			name = QuickTrackWidget_macOS;
			packageProductDependencies = (
			);
			productName = QuickTrackWidget_macOS;
			productReference = AE86A41AB87372EAB44B41A3 /* QuickTrackWidget.appex */;
			productType = "com.apple.product-type.app-extension";
		};
		E21FF1E032AF7159B475720D /* QuickTrack_macOS */ = {
			isa = PBXNativeTarget;
			buildConfigurationList = 41A00D4E5AE1107201D1AD2B /* Build configuration list for PBXNativeTarget "QuickTrack_macOS" */;
			buildPhases = (
				99665F4424AAC0F2DE75E43F /* Sources */,
			);
			buildRules = (
			);
			dependencies = (
			);
			name = QuickTrack_macOS;
			packageProductDependencies = (
			);
			productName = QuickTrack_macOS;
			productReference = C0CF7B61DA6C840C32AC8F24 /* QuickTrack.app */;
			productType = "com.apple.product-type.application";
		};
/* End PBXNativeTarget section */

/* Begin PBXProject section */
		C528AAE35ADA41F0B0DEBEBF /* Project object */ = {
			isa = PBXProject;
			attributes = {
				BuildIndependentTargetsInParallel = YES;
				LastUpgradeCheck = 1600;
				TargetAttributes = {
				};
			};
			buildConfigurationList = 8A768DBC0B4F531FD52D4957 /* Build configuration list for PBXProject "QuickTrack" */;
			developmentRegion = en;
			hasScannedForEncodings = 0;
			knownRegions = (
				Base,
				en,
			);
			mainGroup = C86330BD7209CE61031929EB;
			minimizedProjectReferenceProxies = 1;
			preferredProjectObjectVersion = 77;
			productRefGroup = 0BDFFBFD11CE7EFAF003AC1E /* Products */;
			projectDirPath = "";
			projectRoot = "";
			targets = (
				2453727EA96C83102AA825CD /* QuickTrackWidget_iOS */,
				6D14D9D6C011F77E1C2EAEDD /* QuickTrackWidget_macOS */,
				0921B4C2DF3FA467BC123F26 /* QuickTrack_iOS */,
				E21FF1E032AF7159B475720D /* QuickTrack_macOS */,
			);
		};
/* End PBXProject section */

/* Begin PBXSourcesBuildPhase section */
		512FE7C1702C203911430DEF /* Sources */ = {
			isa = PBXSourcesBuildPhase;
			buildActionMask = 2147483647;
			files = (
				B415F9C32A0785D88EB74DE1 /* AppGroupManager.swift in Sources */,
				676F9A1A156284DFFED87EB9 /* Config.swift in Sources */,
				0F54F6C3ADD1E0D692105FB6 /* HealthKitAdapter.swift in Sources */,
				D36C947A16EE33519D9FDD6F /* MedicationWidget.swift in Sources */,
				2D6E765AF01B2925844A32E5 /* MedicationWidgetView.swift in Sources */,
				543039CFA040D62EF1F6D1B2 /* QuestStarWidget.swift in Sources */,
				9E841A5E4B16390BA3CEBEFA /* QuestStarWidgetView.swift in Sources */,
				CB50528B46D67D1BA45D7CA3 /* QuickTrackWidgetBundle.swift in Sources */,
				7DBF5CB2EC5DDBC2C6F78A75 /* SleepWidget.swift in Sources */,
				E9428561D3672C1F110B0C93 /* SleepWidgetView.swift in Sources */,
				BD57CAFF3BB849CE4544CC1F /* SupabaseAdapter.swift in Sources */,
				11B13EC5501D001548848347 /* SupabaseClient.swift in Sources */,
				66A48B45345209FE3D934081 /* Tracker.swift in Sources */,
				87FB3FF956225781C809CE27 /* TrackerDataSource.swift in Sources */,
				01F8F812B643342E4DBE37A1 /* TrackerSummary.swift in Sources */,
				042430B4B1F8657DC7DE9BAF /* WidgetComponents.swift in Sources */,
				7802351EFD5E0B28962B637C /* WidgetLoadState.swift in Sources */,
			);
			runOnlyForDeploymentPostprocessing = 0;
		};
		99665F4424AAC0F2DE75E43F /* Sources */ = {
			isa = PBXSourcesBuildPhase;
			buildActionMask = 2147483647;
			files = (
				4D4AFCB1A8539E882E80DC71 /* AppGroupManager.swift in Sources */,
				45DB54121B99638EEBEA588E /* Config.swift in Sources */,
				7291D2F6477946A782754EA5 /* ContentView.swift in Sources */,
				969BD8A5B6DA25C2A2A1B5CF /* HealthKitAdapter.swift in Sources */,
				C2AAC834FE0360452B297A8E /* LoginView.swift in Sources */,
				183BF8D9886CF5FF0891C725 /* QuickTrackApp.swift in Sources */,
				4E620AC79B3076AB9CEA434D /* SettingsView.swift in Sources */,
				4AEE97F742D246F11D1AD008 /* SupabaseAdapter.swift in Sources */,
				5C5002B8AF78A432BE6FA4D0 /* SupabaseClient.swift in Sources */,
				C253267413BDD1CED4473BB3 /* Tracker.swift in Sources */,
				95B4AC306C418BAFA9684A6F /* TrackerDataSource.swift in Sources */,
				207CDB9D5DB7A6FCA6AFDD4E /* TrackerListView.swift in Sources */,
				6B0E90DB43533BEEC29049C4 /* TrackerSummary.swift in Sources */,
			);
			runOnlyForDeploymentPostprocessing = 0;
		};
		A55488DE9A29551DF73420E7 /* Sources */ = {
			isa = PBXSourcesBuildPhase;
			buildActionMask = 2147483647;
			files = (
				906DEE8D742D2508E982EAAD /* AppGroupManager.swift in Sources */,
				FA17F3EB77B4754CE5AF60E4 /* Config.swift in Sources */,
				21B0CC9335C022599BC7BE3F /* ContentView.swift in Sources */,
				8E346AA2FC7F209A2B7CABFE /* HealthKitAdapter.swift in Sources */,
				725F6ECB6BA6F4D5CEA6845D /* LoginView.swift in Sources */,
				B6DEE975FB21F82ADE020E62 /* QuickTrackApp.swift in Sources */,
				973067AA492DB216DD33D3E7 /* SettingsView.swift in Sources */,
				B1BD4A7BA28C3C759C75AE49 /* SupabaseAdapter.swift in Sources */,
				01F5417F936109C80E9DB1B9 /* SupabaseClient.swift in Sources */,
				1C9AB27820045949CCD24815 /* Tracker.swift in Sources */,
				9F80496B15810ACE7ADB3166 /* TrackerDataSource.swift in Sources */,
				CABA3958BD4C6420AFB7A38B /* TrackerListView.swift in Sources */,
				D413A26F482555B1F8B3314F /* TrackerSummary.swift in Sources */,
			);
			runOnlyForDeploymentPostprocessing = 0;
		};
		C7E422ED49C28DB0B3DF32CD /* Sources */ = {
			isa = PBXSourcesBuildPhase;
			buildActionMask = 2147483647;
			files = (
				63FBAF597948937C1E4E0DDA /* AppGroupManager.swift in Sources */,
				F99EAD403840FF9106881016 /* Config.swift in Sources */,
				FFA5CE757A11B865C62E0657 /* HealthKitAdapter.swift in Sources */,
				D3FB377E834CD73B65F35803 /* MedicationWidget.swift in Sources */,
				17AF3CF4CE48C57B70A1F0D6 /* MedicationWidgetView.swift in Sources */,
				3271B2986C5A20C9FEC1FF9A /* QuestStarWidget.swift in Sources */,
				0F451917D26C860FB890EDC3 /* QuestStarWidgetView.swift in Sources */,
				D307950BF3A15F3672213AEC /* QuickTrackWidgetBundle.swift in Sources */,
				ED5D312EDDFF68D370477833 /* SleepWidget.swift in Sources */,
				FFE4285BA7C1905AECB63E73 /* SleepWidgetView.swift in Sources */,
				1CD7E97AEAF5C5EAD5DBCEA3 /* SupabaseAdapter.swift in Sources */,
				18CFF66E9C1E3522151D7FE4 /* SupabaseClient.swift in Sources */,
				400760EF714F753CE3FDB743 /* Tracker.swift in Sources */,
				CEBD6900915D787F1864A1C4 /* TrackerDataSource.swift in Sources */,
				6B867E1597F6747F5B26C290 /* TrackerSummary.swift in Sources */,
				B60014C7B71DBC723CFFC13C /* WidgetComponents.swift in Sources */,
				0FE53C3D8FA199D0EC0407DD /* WidgetLoadState.swift in Sources */,
			);
			runOnlyForDeploymentPostprocessing = 0;
		};
/* End PBXSourcesBuildPhase section */

/* Begin XCBuildConfiguration section */
		1C4FDA956BBE4FA8BABF1B6A /* Release */ = {
			isa = XCBuildConfiguration;
			buildSettings = {
				CODE_SIGN_ENTITLEMENTS = QuickTrackWidget/QuickTrackWidget.entitlements;
				COMBINE_HIDPI_IMAGES = YES;
				GENERATE_INFOPLIST_FILE = YES;
				INFOPLIST_KEY_CFBundleDisplayName = "QuickTrack Widget";
				INFOPLIST_KEY_NSExtension_NSExtensionPointIdentifier = "com.apple.widgetkit-extension";
				LD_RUNPATH_SEARCH_PATHS = (
					"$(inherited)",
					"@executable_path/../Frameworks",
					"@executable_path/../../../../Frameworks",
				);
				PRODUCT_BUNDLE_IDENTIFIER = com.jaciecrown.quicktrack.widget;
				PRODUCT_NAME = QuickTrackWidget;
				SDKROOT = macosx;
			};
			name = Release;
		};
		1EFC8F12B440A89C87BC759E /* Release */ = {
			isa = XCBuildConfiguration;
			buildSettings = {
				CODE_SIGN_ENTITLEMENTS = QuickTrackWidget/QuickTrackWidget.entitlements;
				GENERATE_INFOPLIST_FILE = YES;
				INFOPLIST_KEY_CFBundleDisplayName = "QuickTrack Widget";
				INFOPLIST_KEY_NSExtension_NSExtensionPointIdentifier = "com.apple.widgetkit-extension";
				LD_RUNPATH_SEARCH_PATHS = (
					"$(inherited)",
					"@executable_path/Frameworks",
					"@executable_path/../../Frameworks",
				);
				PRODUCT_BUNDLE_IDENTIFIER = com.jaciecrown.quicktrack.widget;
				PRODUCT_NAME = QuickTrackWidget;
				SDKROOT = iphoneos;
				TARGETED_DEVICE_FAMILY = "1,2";
			};
			name = Release;
		};
		3D28A822D9C0985E511AAB6A /* Debug */ = {
			isa = XCBuildConfiguration;
			buildSettings = {
				CODE_SIGN_ENTITLEMENTS = QuickTrackWidget/QuickTrackWidget.entitlements;
				GENERATE_INFOPLIST_FILE = YES;
				INFOPLIST_KEY_CFBundleDisplayName = "QuickTrack Widget";
				INFOPLIST_KEY_NSExtension_NSExtensionPointIdentifier = "com.apple.widgetkit-extension";
				LD_RUNPATH_SEARCH_PATHS = (
					"$(inherited)",
					"@executable_path/Frameworks",
					"@executable_path/../../Frameworks",
				);
				PRODUCT_BUNDLE_IDENTIFIER = com.jaciecrown.quicktrack.widget;
				PRODUCT_NAME = QuickTrackWidget;
				SDKROOT = iphoneos;
				TARGETED_DEVICE_FAMILY = "1,2";
			};
			name = Debug;
		};
		4ED8299F1E2C0F68C8C8AC06 /* Debug */ = {
			isa = XCBuildConfiguration;
			buildSettings = {
				CODE_SIGN_ENTITLEMENTS = QuickTrackWidget/QuickTrackWidget.entitlements;
				COMBINE_HIDPI_IMAGES = YES;
				GENERATE_INFOPLIST_FILE = YES;
				INFOPLIST_KEY_CFBundleDisplayName = "QuickTrack Widget";
				INFOPLIST_KEY_NSExtension_NSExtensionPointIdentifier = "com.apple.widgetkit-extension";
				LD_RUNPATH_SEARCH_PATHS = (
					"$(inherited)",
					"@executable_path/../Frameworks",
					"@executable_path/../../../../Frameworks",
				);
				PRODUCT_BUNDLE_IDENTIFIER = com.jaciecrown.quicktrack.widget;
				PRODUCT_NAME = QuickTrackWidget;
				SDKROOT = macosx;
			};
			name = Debug;
		};
		512DB749CF768B5B93843DE1 /* Debug */ = {
			isa = XCBuildConfiguration;
			buildSettings = {
				ASSETCATALOG_COMPILER_APPICON_NAME = AppIcon;
				CODE_SIGN_ENTITLEMENTS = QuickTrack/QuickTrack.entitlements;
				CODE_SIGN_IDENTITY = "iPhone Developer";
				GENERATE_INFOPLIST_FILE = YES;
				INFOPLIST_KEY_CFBundleDisplayName = QuickTrack;
				INFOPLIST_KEY_NSHealthShareUsageDescription = "QuickTrack reads sleep data to display on your widget.";
				LD_RUNPATH_SEARCH_PATHS = (
					"$(inherited)",
					"@executable_path/Frameworks",
				);
				PRODUCT_BUNDLE_IDENTIFIER = com.jaciecrown.quicktrack;
				PRODUCT_NAME = QuickTrack;
				SDKROOT = iphoneos;
				TARGETED_DEVICE_FAMILY = "1,2";
			};
			name = Debug;
		};
		984B7F466309369E61F26CDA /* Debug */ = {
			isa = XCBuildConfiguration;
			buildSettings = {
				ALWAYS_SEARCH_USER_PATHS = NO;
				CLANG_ANALYZER_NONNULL = YES;
				CLANG_ANALYZER_NUMBER_OBJECT_CONVERSION = YES_AGGRESSIVE;
				CLANG_CXX_LANGUAGE_STANDARD = "gnu++14";
				CLANG_CXX_LIBRARY = "libc++";
				CLANG_ENABLE_MODULES = YES;
				CLANG_ENABLE_OBJC_ARC = YES;
				CLANG_ENABLE_OBJC_WEAK = YES;
				CLANG_WARN_BLOCK_CAPTURE_AUTORELEASING = YES;
				CLANG_WARN_BOOL_CONVERSION = YES;
				CLANG_WARN_COMMA = YES;
				CLANG_WARN_CONSTANT_CONVERSION = YES;
				CLANG_WARN_DEPRECATED_OBJC_IMPLEMENTATIONS = YES;
				CLANG_WARN_DIRECT_OBJC_ISA_USAGE = YES_ERROR;
				CLANG_WARN_DOCUMENTATION_COMMENTS = YES;
				CLANG_WARN_EMPTY_BODY = YES;
				CLANG_WARN_ENUM_CONVERSION = YES;
				CLANG_WARN_INFINITE_RECURSION = YES;
				CLANG_WARN_INT_CONVERSION = YES;
				CLANG_WARN_NON_LITERAL_NULL_CONVERSION = YES;
				CLANG_WARN_OBJC_IMPLICIT_RETAIN_SELF = YES;
				CLANG_WARN_OBJC_LITERAL_CONVERSION = YES;
				CLANG_WARN_OBJC_ROOT_CLASS = YES_ERROR;
				CLANG_WARN_QUOTED_INCLUDE_IN_FRAMEWORK_HEADER = YES;
				CLANG_WARN_RANGE_LOOP_ANALYSIS = YES;
				CLANG_WARN_STRICT_PROTOTYPES = YES;
				CLANG_WARN_SUSPICIOUS_MOVE = YES;
				CLANG_WARN_UNGUARDED_AVAILABILITY = YES_AGGRESSIVE;
				CLANG_WARN_UNREACHABLE_CODE = YES;
				CLANG_WARN__DUPLICATE_METHOD_MATCH = YES;
				COPY_PHASE_STRIP = NO;
				DEBUG_INFORMATION_FORMAT = dwarf;
				ENABLE_STRICT_OBJC_MSGSEND = YES;
				ENABLE_TESTABILITY = YES;
				GCC_C_LANGUAGE_STANDARD = gnu11;
				GCC_DYNAMIC_NO_PIC = NO;
				GCC_NO_COMMON_BLOCKS = YES;
				GCC_OPTIMIZATION_LEVEL = 0;
				GCC_PREPROCESSOR_DEFINITIONS = (
					"$(inherited)",
					"DEBUG=1",
				);
				GCC_WARN_64_TO_32_BIT_CONVERSION = YES;
				GCC_WARN_ABOUT_RETURN_TYPE = YES_ERROR;
				GCC_WARN_UNDECLARED_SELECTOR = YES;
				GCC_WARN_UNINITIALIZED_AUTOS = YES_AGGRESSIVE;
				GCC_WARN_UNUSED_FUNCTION = YES;
				GCC_WARN_UNUSED_VARIABLE = YES;
				IPHONEOS_DEPLOYMENT_TARGET = 17.0;
				MACOSX_DEPLOYMENT_TARGET = 14.0;
				MTL_ENABLE_DEBUG_INFO = INCLUDE_SOURCE;
				MTL_FAST_MATH = YES;
				ONLY_ACTIVE_ARCH = YES;
				PRODUCT_NAME = "$(TARGET_NAME)";
				SWIFT_ACTIVE_COMPILATION_CONDITIONS = DEBUG;
				SWIFT_OPTIMIZATION_LEVEL = "-Onone";
				SWIFT_VERSION = 5.9;
			};
			name = Debug;
		};
		A9C6C7BEA0E58E7D40B829C2 /* Release */ = {
			isa = XCBuildConfiguration;
			buildSettings = {
				ALWAYS_SEARCH_USER_PATHS = NO;
				CLANG_ANALYZER_NONNULL = YES;
				CLANG_ANALYZER_NUMBER_OBJECT_CONVERSION = YES_AGGRESSIVE;
				CLANG_CXX_LANGUAGE_STANDARD = "gnu++14";
				CLANG_CXX_LIBRARY = "libc++";
				CLANG_ENABLE_MODULES = YES;
				CLANG_ENABLE_OBJC_ARC = YES;
				CLANG_ENABLE_OBJC_WEAK = YES;
				CLANG_WARN_BLOCK_CAPTURE_AUTORELEASING = YES;
				CLANG_WARN_BOOL_CONVERSION = YES;
				CLANG_WARN_COMMA = YES;
				CLANG_WARN_CONSTANT_CONVERSION = YES;
				CLANG_WARN_DEPRECATED_OBJC_IMPLEMENTATIONS = YES;
				CLANG_WARN_DIRECT_OBJC_ISA_USAGE = YES_ERROR;
				CLANG_WARN_DOCUMENTATION_COMMENTS = YES;
				CLANG_WARN_EMPTY_BODY = YES;
				CLANG_WARN_ENUM_CONVERSION = YES;
				CLANG_WARN_INFINITE_RECURSION = YES;
				CLANG_WARN_INT_CONVERSION = YES;
				CLANG_WARN_NON_LITERAL_NULL_CONVERSION = YES;
				CLANG_WARN_OBJC_IMPLICIT_RETAIN_SELF = YES;
				CLANG_WARN_OBJC_LITERAL_CONVERSION = YES;
				CLANG_WARN_OBJC_ROOT_CLASS = YES_ERROR;
				CLANG_WARN_QUOTED_INCLUDE_IN_FRAMEWORK_HEADER = YES;
				CLANG_WARN_RANGE_LOOP_ANALYSIS = YES;
				CLANG_WARN_STRICT_PROTOTYPES = YES;
				CLANG_WARN_SUSPICIOUS_MOVE = YES;
				CLANG_WARN_UNGUARDED_AVAILABILITY = YES_AGGRESSIVE;
				CLANG_WARN_UNREACHABLE_CODE = YES;
				CLANG_WARN__DUPLICATE_METHOD_MATCH = YES;
				COPY_PHASE_STRIP = NO;
				DEBUG_INFORMATION_FORMAT = "dwarf-with-dsym";
				ENABLE_NS_ASSERTIONS = NO;
				ENABLE_STRICT_OBJC_MSGSEND = YES;
				GCC_C_LANGUAGE_STANDARD = gnu11;
				GCC_NO_COMMON_BLOCKS = YES;
				GCC_WARN_64_TO_32_BIT_CONVERSION = YES;
				GCC_WARN_ABOUT_RETURN_TYPE = YES_ERROR;
				GCC_WARN_UNDECLARED_SELECTOR = YES;
				GCC_WARN_UNINITIALIZED_AUTOS = YES_AGGRESSIVE;
				GCC_WARN_UNUSED_FUNCTION = YES;
				GCC_WARN_UNUSED_VARIABLE = YES;
				IPHONEOS_DEPLOYMENT_TARGET = 17.0;
				MACOSX_DEPLOYMENT_TARGET = 14.0;
				MTL_ENABLE_DEBUG_INFO = NO;
				MTL_FAST_MATH = YES;
				PRODUCT_NAME = "$(TARGET_NAME)";
				SWIFT_COMPILATION_MODE = wholemodule;
				SWIFT_OPTIMIZATION_LEVEL = "-O";
				SWIFT_VERSION = 5.9;
			};
			name = Release;
		};
		B6726052328987F7AA4372AB /* Release */ = {
			isa = XCBuildConfiguration;
			buildSettings = {
				ASSETCATALOG_COMPILER_APPICON_NAME = AppIcon;
				CODE_SIGN_ENTITLEMENTS = QuickTrack/QuickTrack.entitlements;
				CODE_SIGN_IDENTITY = "iPhone Developer";
				GENERATE_INFOPLIST_FILE = YES;
				INFOPLIST_KEY_CFBundleDisplayName = QuickTrack;
				INFOPLIST_KEY_NSHealthShareUsageDescription = "QuickTrack reads sleep data to display on your widget.";
				LD_RUNPATH_SEARCH_PATHS = (
					"$(inherited)",
					"@executable_path/Frameworks",
				);
				PRODUCT_BUNDLE_IDENTIFIER = com.jaciecrown.quicktrack;
				PRODUCT_NAME = QuickTrack;
				SDKROOT = iphoneos;
				TARGETED_DEVICE_FAMILY = "1,2";
			};
			name = Release;
		};
		F8132F0D51C40D4D2AB54187 /* Debug */ = {
			isa = XCBuildConfiguration;
			buildSettings = {
				ASSETCATALOG_COMPILER_APPICON_NAME = AppIcon;
				CODE_SIGN_ENTITLEMENTS = QuickTrack/QuickTrack.entitlements;
				COMBINE_HIDPI_IMAGES = YES;
				GENERATE_INFOPLIST_FILE = YES;
				INFOPLIST_KEY_CFBundleDisplayName = QuickTrack;
				INFOPLIST_KEY_NSHealthShareUsageDescription = "QuickTrack reads sleep data to display on your widget.";
				LD_RUNPATH_SEARCH_PATHS = (
					"$(inherited)",
					"@executable_path/../Frameworks",
				);
				PRODUCT_BUNDLE_IDENTIFIER = com.jaciecrown.quicktrack;
				PRODUCT_NAME = QuickTrack;
				SDKROOT = macosx;
			};
			name = Debug;
		};
		FFD07FF906349DBB2DB69F4D /* Release */ = {
			isa = XCBuildConfiguration;
			buildSettings = {
				ASSETCATALOG_COMPILER_APPICON_NAME = AppIcon;
				CODE_SIGN_ENTITLEMENTS = QuickTrack/QuickTrack.entitlements;
				COMBINE_HIDPI_IMAGES = YES;
				GENERATE_INFOPLIST_FILE = YES;
				INFOPLIST_KEY_CFBundleDisplayName = QuickTrack;
				INFOPLIST_KEY_NSHealthShareUsageDescription = "QuickTrack reads sleep data to display on your widget.";
				LD_RUNPATH_SEARCH_PATHS = (
					"$(inherited)",
					"@executable_path/../Frameworks",
				);
				PRODUCT_BUNDLE_IDENTIFIER = com.jaciecrown.quicktrack;
				PRODUCT_NAME = QuickTrack;
				SDKROOT = macosx;
			};
			name = Release;
		};
/* End XCBuildConfiguration section */

/* Begin XCConfigurationList section */
		41A00D4E5AE1107201D1AD2B /* Build configuration list for PBXNativeTarget "QuickTrack_macOS" */ = {
			isa = XCConfigurationList;
			buildConfigurations = (
				F8132F0D51C40D4D2AB54187 /* Debug */,
				FFD07FF906349DBB2DB69F4D /* Release */,
			);
			defaultConfigurationIsVisible = 0;
			defaultConfigurationName = Debug;
		};
		871BEC45DC00DD9B9DC816C5 /* Build configuration list for PBXNativeTarget "QuickTrackWidget_iOS" */ = {
			isa = XCConfigurationList;
			buildConfigurations = (
				3D28A822D9C0985E511AAB6A /* Debug */,
				1EFC8F12B440A89C87BC759E /* Release */,
			);
			defaultConfigurationIsVisible = 0;
			defaultConfigurationName = Debug;
		};
		87ED18A35AD1D8E4CACF4DD4 /* Build configuration list for PBXNativeTarget "QuickTrackWidget_macOS" */ = {
			isa = XCConfigurationList;
			buildConfigurations = (
				4ED8299F1E2C0F68C8C8AC06 /* Debug */,
				1C4FDA956BBE4FA8BABF1B6A /* Release */,
			);
			defaultConfigurationIsVisible = 0;
			defaultConfigurationName = Debug;
		};
		8A768DBC0B4F531FD52D4957 /* Build configuration list for PBXProject "QuickTrack" */ = {
			isa = XCConfigurationList;
			buildConfigurations = (
				984B7F466309369E61F26CDA /* Debug */,
				A9C6C7BEA0E58E7D40B829C2 /* Release */,
			);
			defaultConfigurationIsVisible = 0;
			defaultConfigurationName = Debug;
		};
		D662EF1B21C309DBF98E6118 /* Build configuration list for PBXNativeTarget "QuickTrack_iOS" */ = {
			isa = XCConfigurationList;
			buildConfigurations = (
				512DB749CF768B5B93843DE1 /* Debug */,
				B6726052328987F7AA4372AB /* Release */,
			);
			defaultConfigurationIsVisible = 0;
			defaultConfigurationName = Debug;
		};
/* End XCConfigurationList section */
	};
	rootObject = C528AAE35ADA41F0B0DEBEBF /* Project object */;
}
